
Microsoft Visual Studio Solution File, Format Version 12.00
# Visual Studio Version 16
VisualStudioVersion = 16.0.30011.22
MinimumVisualStudioVersion = 10.0.40219.1
Project("{9A19103F-16F7-4668-BE54-9A1E7A4F7556}") = "ValkyrEngine.Api", "ValkyrEngine.Api\ValkyrEngine.Api.csproj", "{4EFCF29C-1F59-4B71-8E1C-9F23BB0712C5}"
EndProject
Project("{9A19103F-16F7-4668-BE54-9A1E7A4F7556}") = "ValkyrEngine.Api.Tests", "ValkyrEngine.Api.Tests\ValkyrEngine.Api.Tests.csproj", "{803A8172-CEBC-4A9A-8276-9813DDB07544}"
EndProject
Global
	GlobalSection(SolutionConfigurationPlatforms) = preSolution
		Debug|Any CPU = Debug|Any CPU
		Release|Any CPU = Release|Any CPU
	EndGlobalSection
	GlobalSection(ProjectConfigurationPlatforms) = postSolution
		{4EFCF29C-1F59-4B71-8E1C-9F23BB0712C5}.Debug|Any CPU.ActiveCfg = Debug|Any CPU
		{4EFCF29C-1F59-4B71-8E1C-9F23BB0712C5}.Debug|Any CPU.Build.0 = Debug|Any CPU
		{4EFCF29C-1F59-4B71-8E1C-9F23BB0712C5}.Release|Any CPU.ActiveCfg = Release|Any CPU
		{4EFCF29C-1F59-4B71-8E1C-9F23BB0712C5}.Release|Any CPU.Build.0 = Release|Any CPU
		{803A8172-CEBC-4A9A-8276-9813DDB07544}.Debug|Any CPU.ActiveCfg = Debug|Any CPU
		{803A8172-CEBC-4A9A-8276-9813DDB07544}.Debug|Any CPU.Build.0 = Debug|Any CPU
		{803A8172-CEBC-4A9A-8276-9813DDB07544}.Release|Any CPU.ActiveCfg = Release|Any CPU
		{803A8172-CEBC-4A9A-8276-9813DDB07544}.Release|Any CPU.Build.0 = Release|Any CPU
	EndGlobalSection
	GlobalSection(SolutionProperties) = preSolution
		HideSolutionNode = FALSE
	EndGlobalSection
	GlobalSection(ExtensibilityGlobals) = postSolution
		SolutionGuid = {A3B0A854-83DD-445F-B0CC-E441C793639E}
	EndGlobalSection
EndGlobal
